// !$*UTF8*$!
{
	archiveVersion = 1;
	classes = {
	};
	objectVersion = 50;
	objects = {

/* Begin PBXBuildFile section */
		847DAE6124A1FE4400665954 /* AppDelegate.swift in Sources */ = {isa = PBXBuildFile; fileRef = 847DAE6024A1FE4400665954 /* AppDelegate.swift */; };
		847DAE6324A1FE4400665954 /* SceneDelegate.swift in Sources */ = {isa = PBXBuildFile; fileRef = 847DAE6224A1FE4400665954 /* SceneDelegate.swift */; };
		847DAE6524A1FE4400665954 /* ViewController.swift in Sources */ = {isa = PBXBuildFile; fileRef = 847DAE6424A1FE4400665954 /* ViewController.swift */; };
		847DAE6824A1FE4400665954 /* Main.storyboard in Resources */ = {isa = PBXBuildFile; fileRef = 847DAE6624A1FE4400665954 /* Main.storyboard */; };
		847DAE6A24A1FE4500665954 /* Assets.xcassets in Resources */ = {isa = PBXBuildFile; fileRef = 847DAE6924A1FE4500665954 /* Assets.xcassets */; };
		847DAE6D24A1FE4500665954 /* LaunchScreen.storyboard in Resources */ = {isa = PBXBuildFile; fileRef = 847DAE6B24A1FE4500665954 /* LaunchScreen.storyboard */; };
/* End PBXBuildFile section */

/* Begin PBXFileReference section */
		847DAE5D24A1FE4400665954 /* YYPullDownGesture.app */ = {isa = PBXFileReference; explicitFileType = wrapper.application; includeInIndex = 0; path = YYPullDownGesture.app; sourceTree = BUILT_PRODUCTS_DIR; };
		847DAE6024A1FE4400665954 /* AppDelegate.swift */ = {isa = PBXFileReference; lastKnownFileType = sourcecode.swift; path = AppDelegate.swift; sourceTree = "<group>"; };
		847DAE6224A1FE4400665954 /* SceneDelegate.swift */ = {isa = PBXFileReference; lastKnownFileType = sourcecode.swift; path = SceneDelegate.swift; sourceTree = "<group>"; };
		847DAE6424A1FE4400665954 /* ViewController.swift */ = {isa = PBXFileReference; lastKnownFileType = sourcecode.swift; path = ViewController.swift; sourceTree = "<group>"; };
		847DAE6724A1FE4400665954 /* Base */ = {isa = PBXFileReference; lastKnownFileType = file.storyboard; name = Base; path = Base.lproj/Main.storyboard; sourceTree = "<group>"; };
		847DAE6924A1FE4500665954 /* Assets.xcassets */ = {isa = PBXFileReference; lastKnownFileType = folder.assetcatalog; path = Assets.xcassets; sourceTree = "<group>"; };
		847DAE6C24A1FE4500665954 /* Base */ = {isa = PBXFileReference; lastKnownFileType = file.storyboard; name = Base; path = Base.lproj/LaunchScreen.storyboard; sourceTree = "<group>"; };
		847DAE6E24A1FE4500665954 /* Info.plist */ = {isa = PBXFileReference; lastKnownFileType = text.plist.xml; path = Info.plist; sourceTree = "<group>"; };
/* End PBXFileReference section */

/* Begin PBXFrameworksBuildPhase section */
		847DAE5A24A1FE4400665954 /* Frameworks */ = {
			isa = PBXFrameworksBuildPhase;
			buildActionMask = 2147483647;
			files = (
			);
			runOnlyForDeploymentPostprocessing = 0;
		};
/* End PBXFrameworksBuildPhase section */

/* Begin PBXGroup section */
		847DAE5424A1FE4400665954 = {
			isa = PBXGroup;
			children = (
				847DAE5F24A1FE4400665954 /* YYPullDownGesture */,
				847DAE5E24A1FE4400665954 /* Products */,
			);
			sourceTree = "<group>";
		};
		847DAE5E24A1FE4400665954 /* Products */ = {
			isa = PBXGroup;
			children = (
				847DAE5D24A1FE4400665954 /* YYPullDownGesture.app */,
			);
			name = Products;
			sourceTree = "<group>";
		};
		847DAE5F24A1FE4400665954 /* YYPullDownGesture */ = {
			isa = PBXGroup;
			children = (
				847DAE6024A1FE4400665954 /* AppDelegate.swift */,
				847DAE6224A1FE4400665954 /* SceneDelegate.swift */,
				847DAE6424A1FE4400665954 /* ViewController.swift */,
				847DAE6624A1FE4400665954 /* Main.storyboard */,
				847DAE6924A1FE4500665954 /* Assets.xcassets */,
				847DAE6B24A1FE4500665954 /* LaunchScreen.storyboard */,
				847DAE6E24A1FE4500665954 /* Info.plist */,
			);
			path = YYPullDownGesture;
			sourceTree = "<group>";
		};
/* End PBXGroup section */

/* Begin PBXNativeTarget section */
		847DAE5C24A1FE4400665954 /* YYPullDownGesture */ = {
			isa = PBXNativeTarget;
			buildConfigurationList = 847DAE7124A1FE4500665954 /* Build configuration list for PBXNativeTarget "YYPullDownGesture" */;
			buildPhases = (
				847DAE5924A1FE4400665954 /* Sources */,
				847DAE5A24A1FE4400665954 /* Frameworks */,
				847DAE5B24A1FE4400665954 /* Resources */,
			);
			buildRules = (
			);
			dependencies = (
			);
			name = YYPullDownGesture;
			productName = YYPullDownGesture;
			productReference = 847DAE5D24A1FE4400665954 /* YYPullDownGesture.app */;
			productType = "com.apple.product-type.application";
		};
/* End PBXNativeTarget section */

/* Begin PBXProject section */
		847DAE5524A1FE4400665954 /* Project object */ = {
			isa = PBXProject;
			attributes = {
				LastSwiftUpdateCheck = 1120;
				LastUpgradeCheck = 1120;
				ORGANIZATIONNAME = mumu;
				TargetAttributes = {
					847DAE5C24A1FE4400665954 = {
						CreatedOnToolsVersion = 11.2.1;
					};
				};
			};
			buildConfigurationList = 847DAE5824A1FE4400665954 /* Build configuration list for PBXProject "YYPullDownGesture" */;
			compatibilityVersion = "Xcode 9.3";
			developmentRegion = en;
			hasScannedForEncodings = 0;
			knownRegions = (
				en,
				Base,
			);
			mainGroup = 847DAE5424A1FE4400665954;
			productRefGroup = 847DAE5E24A1FE4400665954 /* Products */;
			projectDirPath = "";
			projectRoot = "";
			targets = (
				847DAE5C24A1FE4400665954 /* YYPullDownGesture */,
			);
		};
/* End PBXProject section */

/* Begin PBXResourcesBuildPhase section */
		847DAE5B24A1FE4400665954 /* Resources */ = {
			isa = PBXResourcesBuildPhase;
			buildActionMask = 2147483647;
			files = (
				847DAE6D24A1FE4500665954 /* LaunchScreen.storyboard in Resources */,
				847DAE6A24A1FE4500665954 /* Assets.xcassets in Resources */,
				847DAE6824A1FE4400665954 /* Main.storyboard in Resources */,
			);
			runOnlyForDeploymentPostprocessing = 0;
		};
/* End PBXResourcesBuildPhase section */

/* Begin PBXSourcesBuildPhase section */
		847DAE5924A1FE4400665954 /* Sources */ = {
			isa = PBXSourcesBuildPhase;
			buildActionMask = 2147483647;
			files = (
				847DAE6524A1FE4400665954 /* ViewController.swift in Sources */,
				847DAE6124A1FE4400665954 /* AppDelegate.swift in Sources */,
				847DAE6324A1FE4400665954 /* SceneDelegate.swift in Sources */,
			);
			runOnlyForDeploymentPostprocessing = 0;
		};
/* End PBXSourcesBuildPhase section */

/* Begin PBXVariantGroup section */
		847DAE6624A1FE4400665954 /* Main.storyboard */ = {
			isa = PBXVariantGroup;
			children = (
				847DAE6724A1FE4400665954 /* Base */,
			);
			name = Main.storyboard;
			sourceTree = "<group>";
		};
		847DAE6B24A1FE4500665954 /* LaunchScreen.storyboard */ = {
			isa = PBXVariantGroup;
			children = (
				847DAE6C24A1FE4500665954 /* Base */,
			);
			name = LaunchScreen.storyboard;
			sourceTree = "<group>";
		};
/* End PBXVariantGroup section */

/* Begin XCBuildConfiguration section */
		847DAE6F24A1FE4500665954 /* Debug */ = {
			isa = XCBuildConfiguration;
			buildSettings = {
				ALWAYS_SEARCH_USER_PATHS = NO;
				CLANG_ANALYZER_NONNULL = YES;
				CLANG_ANALYZER_NUMBER_OBJECT_CONVERSION = YES_AGGRESSIVE;
				CLANG_CXX_LANGUAGE_STANDARD = "gnu++14";
				CLANG_CXX_LIBRARY = "libc++";
				CLANG_ENABLE_MODULES = YES;
				CLANG_ENABLE_OBJC_ARC = YES;
				CLANG_ENABLE_OBJC_WEAK = YES;
				CLANG_WARN_BLOCK_CAPTURE_AUTORELEASING = YES;
				CLANG_WARN_BOOL_CONVERSION = YES;
				CLANG_WARN_COMMA = YES;
				CLANG_WARN_CONSTANT_CONVERSION = YES;
				CLANG_WARN_DEPRECATED_OBJC_IMPLEMENTATIONS = YES;
				CLANG_WARN_DIRECT_OBJC_ISA_USAGE = YES_ERROR;
				CLANG_WARN_DOCUMENTATION_COMMENTS = YES;
				CLANG_WARN_EMPTY_BODY = YES;
				CLANG_WARN_ENUM_CONVERSION = YES;
				CLANG_WARN_INFINITE_RECURSION = YES;
				CLANG_WARN_INT_CONVERSION = YES;
				CLANG_WARN_NON_LITERAL_NULL_CONVERSION = YES;
				CLANG_WARN_OBJC_IMPLICIT_RETAIN_SELF = YES;
				CLANG_WARN_OBJC_LITERAL_CONVERSION = YES;
				CLANG_WARN_OBJC_ROOT_CLASS = YES_ERROR;
				CLANG_WARN_RANGE_LOOP_ANALYSIS = YES;
				CLANG_WARN_STRICT_PROTOTYPES = YES;
				CLANG_WARN_SUSPICIOUS_MOVE = YES;
				CLANG_WARN_UNGUARDED_AVAILABILITY = YES_AGGRESSIVE;
				CLANG_WARN_UNREACHABLE_CODE = YES;
				CLANG_WARN__DUPLICATE_METHOD_MATCH = YES;
				COPY_PHASE_STRIP = NO;
				DEBUG_INFORMATION_FORMAT = dwarf;
				ENABLE_STRICT_OBJC_MSGSEND = YES;
				ENABLE_TESTABILITY = YES;
				GCC_C_LANGUAGE_STANDARD = gnu11;
				GCC_DYNAMIC_NO_PIC = NO;
				GCC_NO_COMMON_BLOCKS = YES;
				GCC_OPTIMIZATION_LEVEL = 0;
				GCC_PREPROCESSOR_DEFINITIONS = (
					"DEBUG=1",
					"$(inherited)",
				);
				GCC_WARN_64_TO_32_BIT_CONVERSION = YES;
				GCC_WARN_ABOUT_RETURN_TYPE = YES_ERROR;
				GCC_WARN_UNDECLARED_SELECTOR = YES;
				GCC_WARN_UNINITIALIZED_AUTOS = YES_AGGRESSIVE;
				GCC_WARN_UNUSED_FUNCTION = YES;
				GCC_WARN_UNUSED_VARIABLE = YES;
				IPHONEOS_DEPLOYMENT_TARGET = 13.2;
				MTL_ENABLE_DEBUG_INFO = INCLUDE_SOURCE;
				MTL_FAST_MATH = YES;
				ONLY_ACTIVE_ARCH = YES;
				SDKROOT = iphoneos;
				SWIFT_ACTIVE_COMPILATION_CONDITIONS = DEBUG;
				SWIFT_OPTIMIZATION_LEVEL = "-Onone";
			};
			name = Debug;
		};
		847DAE7024A1FE4500665954 /* Release */ = {
			isa = XCBuildConfiguration;
			buildSettings = {
				ALWAYS_SEARCH_USER_PATHS = NO;
				CLANG_ANALYZER_NONNULL = YES;
				CLANG_ANALYZER_NUMBER_OBJECT_CONVERSION = YES_AGGRESSIVE;
				CLANG_CXX_LANGUAGE_STANDARD = "gnu++14";
				CLANG_CXX_LIBRARY = "libc++";
				CLANG_ENABLE_MODULES = YES;
				CLANG_ENABLE_OBJC_ARC = YES;
				CLANG_ENABLE_OBJC_WEAK = YES;
				CLANG_WARN_BLOCK_CAPTURE_AUTORELEASING = YES;
				CLANG_WARN_BOOL_CONVERSION = YES;
				CLANG_WARN_COMMA = YES;
				CLANG_WARN_CONSTANT_CONVERSION = YES;
				CLANG_WARN_DEPRECATED_OBJC_IMPLEMENTATIONS = YES;
				CLANG_WARN_DIRECT_OBJC_ISA_USAGE = YES_ERROR;
				CLANG_WARN_DOCUMENTATION_COMMENTS = YES;
				CLANG_WARN_EMPTY_BODY = YES;
				CLANG_WARN_ENUM_CONVERSION = YES;
				CLANG_WARN_INFINITE_RECURSION = YES;
				CLANG_WARN_INT_CONVERSION = YES;
				CLANG_WARN_NON_LITERAL_NULL_CONVERSION = YES;
				CLANG_WARN_OBJC_IMPLICIT_RETAIN_SELF = YES;
				CLANG_WARN_OBJC_LITERAL_CONVERSION = YES;
				CLANG_WARN_OBJC_ROOT_CLASS = YES_ERROR;
				CLANG_WARN_RANGE_LOOP_ANALYSIS = YES;
				CLANG_WARN_STRICT_PROTOTYPES = YES;
				CLANG_WARN_SUSPICIOUS_MOVE = YES;
				CLANG_WARN_UNGUARDED_AVAILABILITY = YES_AGGRESSIVE;
				CLANG_WARN_UNREACHABLE_CODE = YES;
				CLANG_WARN__DUPLICATE_METHOD_MATCH = YES;
				COPY_PHASE_STRIP = NO;
				DEBUG_INFORMATION_FORMAT = "dwarf-with-dsym";
				ENABLE_NS_ASSERTIONS = NO;
				ENABLE_STRICT_OBJC_MSGSEND = YES;
				GCC_C_LANGUAGE_STANDARD = gnu11;
				GCC_NO_COMMON_BLOCKS = YES;
				GCC_WARN_64_TO_32_BIT_CONVERSION = YES;
				GCC_WARN_ABOUT_RETURN_TYPE = YES_ERROR;
				GCC_WARN_UNDECLARED_SELECTOR = YES;
				GCC_WARN_UNINITIALIZED_AUTOS = YES_AGGRESSIVE;
				GCC_WARN_UNUSED_FUNCTION = YES;
				GCC_WARN_UNUSED_VARIABLE = YES;
				IPHONEOS_DEPLOYMENT_TARGET = 13.2;
				MTL_ENABLE_DEBUG_INFO = NO;
				MTL_FAST_MATH = YES;
				SDKROOT = iphoneos;
				SWIFT_COMPILATION_MODE = wholemodule;
				SWIFT_OPTIMIZATION_LEVEL = "-O";
				VALIDATE_PRODUCT = YES;
			};
			name = Release;
		};
		847DAE7224A1FE4500665954 /* Debug */ = {
			isa = XCBuildConfiguration;
			buildSettings = {
				ASSETCATALOG_COMPILER_APPICON_NAME = AppIcon;
				CODE_SIGN_STYLE = Automatic;
				DEVELOPMENT_TEAM = 9CQQVJ9M3Q;
				INFOPLIST_FILE = YYPullDownGesture/Info.plist;
				LD_RUNPATH_SEARCH_PATHS = (
					"$(inherited)",
					"@executable_path/Frameworks",
				);
				PRODUCT_BUNDLE_IDENTIFIER = com.mumu.YYPullDownGesture;
				PRODUCT_NAME = "$(TARGET_NAME)";
				SWIFT_VERSION = 5.0;
				TARGETED_DEVICE_FAMILY = "1,2";
			};
			name = Debug;
		};
		847DAE7324A1FE4500665954 /* Release */ = {
			isa = XCBuildConfiguration;
			buildSettings = {
				ASSETCATALOG_COMPILER_APPICON_NAME = AppIcon;
				CODE_SIGN_STYLE = Automatic;
				DEVELOPMENT_TEAM = 9CQQVJ9M3Q;
				INFOPLIST_FILE = YYPullDownGesture/Info.plist;
				LD_RUNPATH_SEARCH_PATHS = (
					"$(inherited)",
					"@executable_path/Frameworks",
				);
				PRODUCT_BUNDLE_IDENTIFIER = com.mumu.YYPullDownGesture;
				PRODUCT_NAME = "$(TARGET_NAME)";
				SWIFT_VERSION = 5.0;
				TARGETED_DEVICE_FAMILY = "1,2";
			};
			name = Release;
		};
/* End XCBuildConfiguration section */

/* Begin XCConfigurationList section */
		847DAE5824A1FE4400665954 /* Build configuration list for PBXProject "YYPullDownGesture" */ = {
			isa = XCConfigurationList;
			buildConfigurations = (
				847DAE6F24A1FE4500665954 /* Debug */,
				847DAE7024A1FE4500665954 /* Release */,
			);
			defaultConfigurationIsVisible = 0;
			defaultConfigurationName = Release;
		};
		847DAE7124A1FE4500665954 /* Build configuration list for PBXNativeTarget "YYPullDownGesture" */ = {
			isa = XCConfigurationList;
			buildConfigurations = (
				847DAE7224A1FE4500665954 /* Debug */,
				847DAE7324A1FE4500665954 /* Release */,
			);
			defaultConfigurationIsVisible = 0;
			defaultConfigurationName = Release;
		};
/* End XCConfigurationList section */
	};
	rootObject = 847DAE5524A1FE4400665954 /* Project object */;
}
